
Microsoft Visual Studio Solution File, Format Version 12.00
# Visual Studio 15
VisualStudioVersion = 15.0.28307.271
MinimumVisualStudioVersion = 10.0.40219.1
Project("{FAE04EC0-301F-11D3-BF4B-00C04F79EFBC}") = "MBrand_MazeSolver", "MBrand_MazeSolver\MBrand_MazeSolver.csproj", "{45B45DC1-EA79-4809-8324-BB3B5C4EDC3C}"
EndProject
Global
	GlobalSection(SolutionConfigurationPlatforms) = preSolution
		Debug|Any CPU = Debug|Any CPU
		Release|Any CPU = Release|Any CPU
	EndGlobalSection
	GlobalSection(ProjectConfigurationPlatforms) = postSolution
		{45B45DC1-EA79-4809-8324-BB3B5C4EDC3C}.Debug|Any CPU.ActiveCfg = Debug|Any CPU
		{45B45DC1-EA79-4809-8324-BB3B5C4EDC3C}.Debug|Any CPU.Build.0 = Debug|Any CPU
		{45B45DC1-EA79-4809-8324-BB3B5C4EDC3C}.Release|Any CPU.ActiveCfg = Release|Any CPU
		{45B45DC1-EA79-4809-8324-BB3B5C4EDC3C}.Release|Any CPU.Build.0 = Release|Any CPU
	EndGlobalSection
	GlobalSection(SolutionProperties) = preSolution
		HideSolutionNode = FALSE
	EndGlobalSection
	GlobalSection(ExtensibilityGlobals) = postSolution
		SolutionGuid = {B5229EB0-1B14-4E65-9592-022E314C25A0}
	EndGlobalSection
EndGlobal
